# This file is automatically @generated by Cargo.
# It is not intended for manual editing.
version = 4

[[package]]
name = "vgo-core"
version = "0.1.0"

[[package]]
name = "vgo-search"
version = "0.1.0"
dependencies = [
 "vgo-core",
]

[[package]]
name = "vgo-selfplay"
version = "0.1.0"
dependencies = [
 "vgo-core",
 "vgo-search",
]
